
Microsoft Visual Studio Solution File, Format Version 12.00
# Visual Studio Version 17
VisualStudioVersion = 17.12.35527.113 d17.12
MinimumVisualStudioVersion = 10.0.40219.1
Project("{FAE04EC0-301F-11D3-BF4B-00C04F79EFBC}") = "Reserves", "Reserves\Reserves.csproj", "{3ABAF577-D317-4581-9D13-D0A3FAA1E184}"
EndProject
Project("{FAE04EC0-301F-11D3-BF4B-00C04F79EFBC}") = "Reserves.Application", "Reserves.Application\Reserves.Application.csproj", "{316EF258-8ECB-4FA0-ACFE-2660631E76F0}"
EndProject
Project("{FAE04EC0-301F-11D3-BF4B-00C04F79EFBC}") = "Reserves.Domain", "Reserves.Domain\Reserves.Domain.csproj", "{3BC99BE1-1CF1-4631-9A72-B0DB45699E4D}"
EndProject
Project("{FAE04EC0-301F-11D3-BF4B-00C04F79EFBC}") = "Reserves.Infrastructure", "Reserves.Infrastructure\Reserves.Infrastructure.csproj", "{F8FF8D70-6D8E-4F10-8F58-D8E8EC5A3141}"
EndProject
Project("{2150E333-8FDC-42A3-9474-1A3956D46DE8}") = "1-Presentantation", "1-Presentantation", "{87614B5A-906F-4892-B886-009559CC55DB}"
EndProject
Project("{2150E333-8FDC-42A3-9474-1A3956D46DE8}") = "2-Core", "2-Core", "{3DDBB998-77F6-40C1-A36F-D5584BF28520}"
EndProject
Project("{2150E333-8FDC-42A3-9474-1A3956D46DE8}") = "3-Infrastructure", "3-Infrastructure", "{AD5AE0E0-1935-46DC-974F-9DBE38D794AE}"
EndProject
Project("{FAE04EC0-301F-11D3-BF4B-00C04F79EFBC}") = "Reserves.Test", "Reserves.Test\Reserves.Test.csproj", "{8113B80A-6BC1-4E4D-924A-432A0CFD5A6C}"
EndProject
Project("{2150E333-8FDC-42A3-9474-1A3956D46DE8}") = "4-Test", "4-Test", "{427150AC-6B96-4C30-BD8C-57AFDCF6D5EC}"
EndProject
Global
	GlobalSection(SolutionConfigurationPlatforms) = preSolution
		Debug|Any CPU = Debug|Any CPU
		Release|Any CPU = Release|Any CPU
	EndGlobalSection
	GlobalSection(ProjectConfigurationPlatforms) = postSolution
		{3ABAF577-D317-4581-9D13-D0A3FAA1E184}.Debug|Any CPU.ActiveCfg = Debug|Any CPU
		{3ABAF577-D317-4581-9D13-D0A3FAA1E184}.Debug|Any CPU.Build.0 = Debug|Any CPU
		{3ABAF577-D317-4581-9D13-D0A3FAA1E184}.Release|Any CPU.ActiveCfg = Release|Any CPU
		{3ABAF577-D317-4581-9D13-D0A3FAA1E184}.Release|Any CPU.Build.0 = Release|Any CPU
		{316EF258-8ECB-4FA0-ACFE-2660631E76F0}.Debug|Any CPU.ActiveCfg = Debug|Any CPU
		{316EF258-8ECB-4FA0-ACFE-2660631E76F0}.Debug|Any CPU.Build.0 = Debug|Any CPU
		{316EF258-8ECB-4FA0-ACFE-2660631E76F0}.Release|Any CPU.ActiveCfg = Release|Any CPU
		{316EF258-8ECB-4FA0-ACFE-2660631E76F0}.Release|Any CPU.Build.0 = Release|Any CPU
		{3BC99BE1-1CF1-4631-9A72-B0DB45699E4D}.Debug|Any CPU.ActiveCfg = Debug|Any CPU
		{3BC99BE1-1CF1-4631-9A72-B0DB45699E4D}.Debug|Any CPU.Build.0 = Debug|Any CPU
		{3BC99BE1-1CF1-4631-9A72-B0DB45699E4D}.Release|Any CPU.ActiveCfg = Release|Any CPU
		{3BC99BE1-1CF1-4631-9A72-B0DB45699E4D}.Release|Any CPU.Build.0 = Release|Any CPU
		{F8FF8D70-6D8E-4F10-8F58-D8E8EC5A3141}.Debug|Any CPU.ActiveCfg = Debug|Any CPU
		{F8FF8D70-6D8E-4F10-8F58-D8E8EC5A3141}.Debug|Any CPU.Build.0 = Debug|Any CPU
		{F8FF8D70-6D8E-4F10-8F58-D8E8EC5A3141}.Release|Any CPU.ActiveCfg = Release|Any CPU
		{F8FF8D70-6D8E-4F10-8F58-D8E8EC5A3141}.Release|Any CPU.Build.0 = Release|Any CPU
		{8113B80A-6BC1-4E4D-924A-432A0CFD5A6C}.Debug|Any CPU.ActiveCfg = Debug|Any CPU
		{8113B80A-6BC1-4E4D-924A-432A0CFD5A6C}.Debug|Any CPU.Build.0 = Debug|Any CPU
		{8113B80A-6BC1-4E4D-924A-432A0CFD5A6C}.Release|Any CPU.ActiveCfg = Release|Any CPU
		{8113B80A-6BC1-4E4D-924A-432A0CFD5A6C}.Release|Any CPU.Build.0 = Release|Any CPU
	EndGlobalSection
	GlobalSection(SolutionProperties) = preSolution
		HideSolutionNode = FALSE
	EndGlobalSection
	GlobalSection(NestedProjects) = preSolution
		{3ABAF577-D317-4581-9D13-D0A3FAA1E184} = {87614B5A-906F-4892-B886-009559CC55DB}
		{316EF258-8ECB-4FA0-ACFE-2660631E76F0} = {3DDBB998-77F6-40C1-A36F-D5584BF28520}
		{3BC99BE1-1CF1-4631-9A72-B0DB45699E4D} = {3DDBB998-77F6-40C1-A36F-D5584BF28520}
		{F8FF8D70-6D8E-4F10-8F58-D8E8EC5A3141} = {AD5AE0E0-1935-46DC-974F-9DBE38D794AE}
		{8113B80A-6BC1-4E4D-924A-432A0CFD5A6C} = {427150AC-6B96-4C30-BD8C-57AFDCF6D5EC}
	EndGlobalSection
EndGlobal
